// !$*UTF8*$!
{
	archiveVersion = 1;
	classes = {
	};
	objectVersion = 46;
	objects = {

/* Begin PBXBuildFile section */
		4407350A9571067FB983A58B /* Pods_WeHaveNoJob_iOS.framework in Frameworks */ = {isa = PBXBuildFile; fileRef = 1144B04AF17391FAC1373932 /* Pods_WeHaveNoJob_iOS.framework */; };
		B50A85AA1E57058B0068FF55 /* AppDelegate.swift in Sources */ = {isa = PBXBuildFile; fileRef = B50A85A91E57058B0068FF55 /* AppDelegate.swift */; };
		B50A85AC1E57058B0068FF55 /* AuthViewController.swift in Sources */ = {isa = PBXBuildFile; fileRef = B50A85AB1E57058B0068FF55 /* AuthViewController.swift */; };
		B50A85AF1E57058B0068FF55 /* Main.storyboard in Resources */ = {isa = PBXBuildFile; fileRef = B50A85AD1E57058B0068FF55 /* Main.storyboard */; };
		B50A85B11E57058B0068FF55 /* Assets.xcassets in Resources */ = {isa = PBXBuildFile; fileRef = B50A85B01E57058B0068FF55 /* Assets.xcassets */; };
		B50A85B41E57058B0068FF55 /* LaunchScreen.storyboard in Resources */ = {isa = PBXBuildFile; fileRef = B50A85B21E57058B0068FF55 /* LaunchScreen.storyboard */; };
		B50A85BC1E570B190068FF55 /* GoogleService-Info.plist in Resources */ = {isa = PBXBuildFile; fileRef = B50A85BB1E570B190068FF55 /* GoogleService-Info.plist */; };
		B50A85C01E572D9D0068FF55 /* ClassTableViewController.swift in Sources */ = {isa = PBXBuildFile; fileRef = B50A85BF1E572D9D0068FF55 /* ClassTableViewController.swift */; };
		B50A85C41E57342E0068FF55 /* CreateChannelCell.swift in Sources */ = {isa = PBXBuildFile; fileRef = B50A85C31E57342E0068FF55 /* CreateChannelCell.swift */; };
		B583A4D21E57615D007E6694 /* Channel.swift in Sources */ = {isa = PBXBuildFile; fileRef = B583A4D11E57615D007E6694 /* Channel.swift */; };
/* End PBXBuildFile section */

/* Begin PBXFileReference section */
		1144B04AF17391FAC1373932 /* Pods_WeHaveNoJob_iOS.framework */ = {isa = PBXFileReference; explicitFileType = wrapper.framework; includeInIndex = 0; path = Pods_WeHaveNoJob_iOS.framework; sourceTree = BUILT_PRODUCTS_DIR; };
		407C985EADF6173B43CA32DF /* Pods-WeHaveNoJob-iOS.release.xcconfig */ = {isa = PBXFileReference; includeInIndex = 1; lastKnownFileType = text.xcconfig; name = "Pods-WeHaveNoJob-iOS.release.xcconfig"; path = "Pods/Target Support Files/Pods-WeHaveNoJob-iOS/Pods-WeHaveNoJob-iOS.release.xcconfig"; sourceTree = "<group>"; };
		92C047FD9A09FF0ABC659714 /* Pods-WeHaveNoJob-iOS.debug.xcconfig */ = {isa = PBXFileReference; includeInIndex = 1; lastKnownFileType = text.xcconfig; name = "Pods-WeHaveNoJob-iOS.debug.xcconfig"; path = "Pods/Target Support Files/Pods-WeHaveNoJob-iOS/Pods-WeHaveNoJob-iOS.debug.xcconfig"; sourceTree = "<group>"; };
		B50A85A61E57058B0068FF55 /* WeHaveNoJob-iOS.app */ = {isa = PBXFileReference; explicitFileType = wrapper.application; includeInIndex = 0; path = "WeHaveNoJob-iOS.app"; sourceTree = BUILT_PRODUCTS_DIR; };
		B50A85A91E57058B0068FF55 /* AppDelegate.swift */ = {isa = PBXFileReference; lastKnownFileType = sourcecode.swift; path = AppDelegate.swift; sourceTree = "<group>"; };
		B50A85AB1E57058B0068FF55 /* AuthViewController.swift */ = {isa = PBXFileReference; lastKnownFileType = sourcecode.swift; path = AuthViewController.swift; sourceTree = "<group>"; };
		B50A85AE1E57058B0068FF55 /* Base */ = {isa = PBXFileReference; lastKnownFileType = file.storyboard; name = Base; path = Base.lproj/Main.storyboard; sourceTree = "<group>"; };
		B50A85B01E57058B0068FF55 /* Assets.xcassets */ = {isa = PBXFileReference; lastKnownFileType = folder.assetcatalog; path = Assets.xcassets; sourceTree = "<group>"; };
		B50A85B31E57058B0068FF55 /* Base */ = {isa = PBXFileReference; lastKnownFileType = file.storyboard; name = Base; path = Base.lproj/LaunchScreen.storyboard; sourceTree = "<group>"; };
		B50A85B51E57058B0068FF55 /* Info.plist */ = {isa = PBXFileReference; lastKnownFileType = text.plist.xml; path = Info.plist; sourceTree = "<group>"; };
		B50A85BB1E570B190068FF55 /* GoogleService-Info.plist */ = {isa = PBXFileReference; fileEncoding = 4; lastKnownFileType = text.plist.xml; name = "GoogleService-Info.plist"; path = "../../../../Downloads/GoogleService-Info.plist"; sourceTree = "<group>"; };
		B50A85BF1E572D9D0068FF55 /* ClassTableViewController.swift */ = {isa = PBXFileReference; fileEncoding = 4; lastKnownFileType = sourcecode.swift; path = ClassTableViewController.swift; sourceTree = "<group>"; };
		B50A85C31E57342E0068FF55 /* CreateChannelCell.swift */ = {isa = PBXFileReference; fileEncoding = 4; lastKnownFileType = sourcecode.swift; path = CreateChannelCell.swift; sourceTree = "<group>"; };
		B583A4D11E57615D007E6694 /* Channel.swift */ = {isa = PBXFileReference; fileEncoding = 4; lastKnownFileType = sourcecode.swift; path = Channel.swift; sourceTree = "<group>"; };
/* End PBXFileReference section */

/* Begin PBXFrameworksBuildPhase section */
		B50A85A31E57058B0068FF55 /* Frameworks */ = {
			isa = PBXFrameworksBuildPhase;
			buildActionMask = 2147483647;
			files = (
				4407350A9571067FB983A58B /* Pods_WeHaveNoJob_iOS.framework in Frameworks */,
			);
			runOnlyForDeploymentPostprocessing = 0;
		};
/* End PBXFrameworksBuildPhase section */

/* Begin PBXGroup section */
		13BD9CA963D59F3EE80AA556 /* Frameworks */ = {
			isa = PBXGroup;
			children = (
				1144B04AF17391FAC1373932 /* Pods_WeHaveNoJob_iOS.framework */,
			);
			name = Frameworks;
			sourceTree = "<group>";
		};
		B50A859D1E57058B0068FF55 = {
			isa = PBXGroup;
			children = (
				B50A85A81E57058B0068FF55 /* WeHaveNoJob-iOS */,
				B50A85A71E57058B0068FF55 /* Products */,
				D6E2D5771D122D23C90611BC /* Pods */,
				13BD9CA963D59F3EE80AA556 /* Frameworks */,
			);
			sourceTree = "<group>";
		};
		B50A85A71E57058B0068FF55 /* Products */ = {
			isa = PBXGroup;
			children = (
				B50A85A61E57058B0068FF55 /* WeHaveNoJob-iOS.app */,
			);
			name = Products;
			sourceTree = "<group>";
		};
		B50A85A81E57058B0068FF55 /* WeHaveNoJob-iOS */ = {
			isa = PBXGroup;
			children = (
				B583A4CD1E575DFA007E6694 /* Model */,
				B583A4CE1E575E07007E6694 /* Controller */,
				B583A4CF1E575E1B007E6694 /* Layout */,
				B583A4D01E575E4A007E6694 /* Supporting Files */,
				B50A85B01E57058B0068FF55 /* Assets.xcassets */,
			);
			path = "WeHaveNoJob-iOS";
			sourceTree = "<group>";
		};
		B583A4CD1E575DFA007E6694 /* Model */ = {
			isa = PBXGroup;
			children = (
				B583A4D11E57615D007E6694 /* Channel.swift */,
			);
			name = Model;
			sourceTree = "<group>";
		};
		B583A4CE1E575E07007E6694 /* Controller */ = {
			isa = PBXGroup;
			children = (
				B50A85AB1E57058B0068FF55 /* AuthViewController.swift */,
				B50A85BF1E572D9D0068FF55 /* ClassTableViewController.swift */,
			);
			name = Controller;
			sourceTree = "<group>";
		};
		B583A4CF1E575E1B007E6694 /* Layout */ = {
			isa = PBXGroup;
			children = (
				B50A85B21E57058B0068FF55 /* LaunchScreen.storyboard */,
				B50A85AD1E57058B0068FF55 /* Main.storyboard */,
				B50A85C31E57342E0068FF55 /* CreateChannelCell.swift */,
			);
			name = Layout;
			sourceTree = "<group>";
		};
		B583A4D01E575E4A007E6694 /* Supporting Files */ = {
			isa = PBXGroup;
			children = (
				B50A85BB1E570B190068FF55 /* GoogleService-Info.plist */,
				B50A85B51E57058B0068FF55 /* Info.plist */,
				B50A85A91E57058B0068FF55 /* AppDelegate.swift */,
			);
			name = "Supporting Files";
			sourceTree = "<group>";
		};
		D6E2D5771D122D23C90611BC /* Pods */ = {
			isa = PBXGroup;
			children = (
				92C047FD9A09FF0ABC659714 /* Pods-WeHaveNoJob-iOS.debug.xcconfig */,
				407C985EADF6173B43CA32DF /* Pods-WeHaveNoJob-iOS.release.xcconfig */,
			);
			name = Pods;
			sourceTree = "<group>";
		};
/* End PBXGroup section */

/* Begin PBXNativeTarget section */
		B50A85A51E57058B0068FF55 /* WeHaveNoJob-iOS */ = {
			isa = PBXNativeTarget;
			buildConfigurationList = B50A85B81E57058B0068FF55 /* Build configuration list for PBXNativeTarget "WeHaveNoJob-iOS" */;
			buildPhases = (
				E94BEC20B6AAC8991D309CDE /* [CP] Check Pods Manifest.lock */,
				B50A85A21E57058B0068FF55 /* Sources */,
				B50A85A31E57058B0068FF55 /* Frameworks */,
				B50A85A41E57058B0068FF55 /* Resources */,
				381EC920E76F104292950357 /* [CP] Embed Pods Frameworks */,
				92A46181FFAF6AE604B63D5C /* [CP] Copy Pods Resources */,
			);
			buildRules = (
			);
			dependencies = (
			);
			name = "WeHaveNoJob-iOS";
			productName = "WeHaveNoJob-iOS";
			productReference = B50A85A61E57058B0068FF55 /* WeHaveNoJob-iOS.app */;
			productType = "com.apple.product-type.application";
		};
/* End PBXNativeTarget section */

/* Begin PBXProject section */
		B50A859E1E57058B0068FF55 /* Project object */ = {
			isa = PBXProject;
			attributes = {
				LastSwiftUpdateCheck = 0820;
				LastUpgradeCheck = 0820;
				ORGANIZATIONNAME = "  minjae";
				TargetAttributes = {
					B50A85A51E57058B0068FF55 = {
						CreatedOnToolsVersion = 8.2.1;
						DevelopmentTeam = K557UV74SU;
						ProvisioningStyle = Automatic;
					};
				};
			};
			buildConfigurationList = B50A85A11E57058B0068FF55 /* Build configuration list for PBXProject "WeHaveNoJob-iOS" */;
			compatibilityVersion = "Xcode 3.2";
			developmentRegion = English;
			hasScannedForEncodings = 0;
			knownRegions = (
				en,
				Base,
			);
			mainGroup = B50A859D1E57058B0068FF55;
			productRefGroup = B50A85A71E57058B0068FF55 /* Products */;
			projectDirPath = "";
			projectRoot = "";
			targets = (
				B50A85A51E57058B0068FF55 /* WeHaveNoJob-iOS */,
			);
		};
/* End PBXProject section */

/* Begin PBXResourcesBuildPhase section */
		B50A85A41E57058B0068FF55 /* Resources */ = {
			isa = PBXResourcesBuildPhase;
			buildActionMask = 2147483647;
			files = (
				B50A85B41E57058B0068FF55 /* LaunchScreen.storyboard in Resources */,
				B50A85BC1E570B190068FF55 /* GoogleService-Info.plist in Resources */,
				B50A85B11E57058B0068FF55 /* Assets.xcassets in Resources */,
				B50A85AF1E57058B0068FF55 /* Main.storyboard in Resources */,
			);
			runOnlyForDeploymentPostprocessing = 0;
		};
/* End PBXResourcesBuildPhase section */

/* Begin PBXShellScriptBuildPhase section */
		381EC920E76F104292950357 /* [CP] Embed Pods Frameworks */ = {
			isa = PBXShellScriptBuildPhase;
			buildActionMask = 2147483647;
			files = (
			);
			inputPaths = (
			);
			name = "[CP] Embed Pods Frameworks";
			outputPaths = (
			);
			runOnlyForDeploymentPostprocessing = 0;
			shellPath = /bin/sh;
			shellScript = "\"${SRCROOT}/Pods/Target Support Files/Pods-WeHaveNoJob-iOS/Pods-WeHaveNoJob-iOS-frameworks.sh\"\n";
			showEnvVarsInLog = 0;
		};
		92A46181FFAF6AE604B63D5C /* [CP] Copy Pods Resources */ = {
			isa = PBXShellScriptBuildPhase;
			buildActionMask = 2147483647;
			files = (
			);
			inputPaths = (
			);
			name = "[CP] Copy Pods Resources";
			outputPaths = (
			);
			runOnlyForDeploymentPostprocessing = 0;
			shellPath = /bin/sh;
			shellScript = "\"${SRCROOT}/Pods/Target Support Files/Pods-WeHaveNoJob-iOS/Pods-WeHaveNoJob-iOS-resources.sh\"\n";
			showEnvVarsInLog = 0;
		};
		E94BEC20B6AAC8991D309CDE /* [CP] Check Pods Manifest.lock */ = {
			isa = PBXShellScriptBuildPhase;
			buildActionMask = 2147483647;
			files = (
			);
			inputPaths = (
			);
			name = "[CP] Check Pods Manifest.lock";
			outputPaths = (
			);
			runOnlyForDeploymentPostprocessing = 0;
			shellPath = /bin/sh;
			shellScript = "diff \"${PODS_ROOT}/../Podfile.lock\" \"${PODS_ROOT}/Manifest.lock\" > /dev/null\nif [ $? != 0 ] ; then\n    # print error to STDERR\n    echo \"error: The sandbox is not in sync with the Podfile.lock. Run 'pod install' or update your CocoaPods installation.\" >&2\n    exit 1\nfi\n";
			showEnvVarsInLog = 0;
		};
/* End PBXShellScriptBuildPhase section */

/* Begin PBXSourcesBuildPhase section */
		B50A85A21E57058B0068FF55 /* Sources */ = {
			isa = PBXSourcesBuildPhase;
			buildActionMask = 2147483647;
			files = (
				B50A85C01E572D9D0068FF55 /* ClassTableViewController.swift in Sources */,
				B583A4D21E57615D007E6694 /* Channel.swift in Sources */,
				B50A85C41E57342E0068FF55 /* CreateChannelCell.swift in Sources */,
				B50A85AC1E57058B0068FF55 /* AuthViewController.swift in Sources */,
				B50A85AA1E57058B0068FF55 /* AppDelegate.swift in Sources */,
			);
			runOnlyForDeploymentPostprocessing = 0;
		};
/* End PBXSourcesBuildPhase section */

/* Begin PBXVariantGroup section */
		B50A85AD1E57058B0068FF55 /* Main.storyboard */ = {
			isa = PBXVariantGroup;
			children = (
				B50A85AE1E57058B0068FF55 /* Base */,
			);
			name = Main.storyboard;
			sourceTree = "<group>";
		};
		B50A85B21E57058B0068FF55 /* LaunchScreen.storyboard */ = {
			isa = PBXVariantGroup;
			children = (
				B50A85B31E57058B0068FF55 /* Base */,
			);
			name = LaunchScreen.storyboard;
			sourceTree = "<group>";
		};
/* End PBXVariantGroup section */

/* Begin XCBuildConfiguration section */
		B50A85B61E57058B0068FF55 /* Debug */ = {
			isa = XCBuildConfiguration;
			buildSettings = {
				ALWAYS_SEARCH_USER_PATHS = NO;
				CLANG_ANALYZER_NONNULL = YES;
				CLANG_CXX_LANGUAGE_STANDARD = "gnu++0x";
				CLANG_CXX_LIBRARY = "libc++";
				CLANG_ENABLE_MODULES = YES;
				CLANG_ENABLE_OBJC_ARC = YES;
				CLANG_WARN_BOOL_CONVERSION = YES;
				CLANG_WARN_CONSTANT_CONVERSION = YES;
				CLANG_WARN_DIRECT_OBJC_ISA_USAGE = YES_ERROR;
				CLANG_WARN_DOCUMENTATION_COMMENTS = YES;
				CLANG_WARN_EMPTY_BODY = YES;
				CLANG_WARN_ENUM_CONVERSION = YES;
				CLANG_WARN_INFINITE_RECURSION = YES;
				CLANG_WARN_INT_CONVERSION = YES;
				CLANG_WARN_OBJC_ROOT_CLASS = YES_ERROR;
				CLANG_WARN_SUSPICIOUS_MOVE = YES;
				CLANG_WARN_UNREACHABLE_CODE = YES;
				CLANG_WARN__DUPLICATE_METHOD_MATCH = YES;
				"CODE_SIGN_IDENTITY[sdk=iphoneos*]" = "iPhone Developer";
				COPY_PHASE_STRIP = NO;
				DEBUG_INFORMATION_FORMAT = dwarf;
				ENABLE_STRICT_OBJC_MSGSEND = YES;
				ENABLE_TESTABILITY = YES;
				GCC_C_LANGUAGE_STANDARD = gnu99;
				GCC_DYNAMIC_NO_PIC = NO;
				GCC_NO_COMMON_BLOCKS = YES;
				GCC_OPTIMIZATION_LEVEL = 0;
				GCC_PREPROCESSOR_DEFINITIONS = (
					"DEBUG=1",
					"$(inherited)",
				);
				GCC_WARN_64_TO_32_BIT_CONVERSION = YES;
				GCC_WARN_ABOUT_RETURN_TYPE = YES_ERROR;
				GCC_WARN_UNDECLARED_SELECTOR = YES;
				GCC_WARN_UNINITIALIZED_AUTOS = YES_AGGRESSIVE;
				GCC_WARN_UNUSED_FUNCTION = YES;
				GCC_WARN_UNUSED_VARIABLE = YES;
				IPHONEOS_DEPLOYMENT_TARGET = 10.2;
				MTL_ENABLE_DEBUG_INFO = YES;
				ONLY_ACTIVE_ARCH = YES;
				SDKROOT = iphoneos;
				SWIFT_ACTIVE_COMPILATION_CONDITIONS = DEBUG;
				SWIFT_OPTIMIZATION_LEVEL = "-Onone";
			};
			name = Debug;
		};
		B50A85B71E57058B0068FF55 /* Release */ = {
			isa = XCBuildConfiguration;
			buildSettings = {
				ALWAYS_SEARCH_USER_PATHS = NO;
				CLANG_ANALYZER_NONNULL = YES;
				CLANG_CXX_LANGUAGE_STANDARD = "gnu++0x";
				CLANG_CXX_LIBRARY = "libc++";
				CLANG_ENABLE_MODULES = YES;
				CLANG_ENABLE_OBJC_ARC = YES;
				CLANG_WARN_BOOL_CONVERSION = YES;
				CLANG_WARN_CONSTANT_CONVERSION = YES;
				CLANG_WARN_DIRECT_OBJC_ISA_USAGE = YES_ERROR;
				CLANG_WARN_DOCUMENTATION_COMMENTS = YES;
				CLANG_WARN_EMPTY_BODY = YES;
				CLANG_WARN_ENUM_CONVERSION = YES;
				CLANG_WARN_INFINITE_RECURSION = YES;
				CLANG_WARN_INT_CONVERSION = YES;
				CLANG_WARN_OBJC_ROOT_CLASS = YES_ERROR;
				CLANG_WARN_SUSPICIOUS_MOVE = YES;
				CLANG_WARN_UNREACHABLE_CODE = YES;
				CLANG_WARN__DUPLICATE_METHOD_MATCH = YES;
				"CODE_SIGN_IDENTITY[sdk=iphoneos*]" = "iPhone Developer";
				COPY_PHASE_STRIP = NO;
				DEBUG_INFORMATION_FORMAT = "dwarf-with-dsym";
				ENABLE_NS_ASSERTIONS = NO;
				ENABLE_STRICT_OBJC_MSGSEND = YES;
				GCC_C_LANGUAGE_STANDARD = gnu99;
				GCC_NO_COMMON_BLOCKS = YES;
				GCC_WARN_64_TO_32_BIT_CONVERSION = YES;
				GCC_WARN_ABOUT_RETURN_TYPE = YES_ERROR;
				GCC_WARN_UNDECLARED_SELECTOR = YES;
				GCC_WARN_UNINITIALIZED_AUTOS = YES_AGGRESSIVE;
				GCC_WARN_UNUSED_FUNCTION = YES;
				GCC_WARN_UNUSED_VARIABLE = YES;
				IPHONEOS_DEPLOYMENT_TARGET = 10.2;
				MTL_ENABLE_DEBUG_INFO = NO;
				SDKROOT = iphoneos;
				SWIFT_OPTIMIZATION_LEVEL = "-Owholemodule";
				VALIDATE_PRODUCT = YES;
			};
			name = Release;
		};
		B50A85B91E57058B0068FF55 /* Debug */ = {
			isa = XCBuildConfiguration;
			baseConfigurationReference = 92C047FD9A09FF0ABC659714 /* Pods-WeHaveNoJob-iOS.debug.xcconfig */;
			buildSettings = {
				ASSETCATALOG_COMPILER_APPICON_NAME = AppIcon;
				DEVELOPMENT_TEAM = K557UV74SU;
				INFOPLIST_FILE = "WeHaveNoJob-iOS/Info.plist";
				LD_RUNPATH_SEARCH_PATHS = "$(inherited) @executable_path/Frameworks";
				PRODUCT_BUNDLE_IDENTIFIER = "io.github.minjaeJo.WeHaveNoJob-iOS";
				PRODUCT_NAME = "$(TARGET_NAME)";
				SWIFT_VERSION = 3.0;
			};
			name = Debug;
		};
		B50A85BA1E57058B0068FF55 /* Release */ = {
			isa = XCBuildConfiguration;
			baseConfigurationReference = 407C985EADF6173B43CA32DF /* Pods-WeHaveNoJob-iOS.release.xcconfig */;
			buildSettings = {
				ASSETCATALOG_COMPILER_APPICON_NAME = AppIcon;
				DEVELOPMENT_TEAM = K557UV74SU;
				INFOPLIST_FILE = "WeHaveNoJob-iOS/Info.plist";
				LD_RUNPATH_SEARCH_PATHS = "$(inherited) @executable_path/Frameworks";
				PRODUCT_BUNDLE_IDENTIFIER = "io.github.minjaeJo.WeHaveNoJob-iOS";
				PRODUCT_NAME = "$(TARGET_NAME)";
				SWIFT_VERSION = 3.0;
			};
			name = Release;
		};
/* End XCBuildConfiguration section */

/* Begin XCConfigurationList section */
		B50A85A11E57058B0068FF55 /* Build configuration list for PBXProject "WeHaveNoJob-iOS" */ = {
			isa = XCConfigurationList;
			buildConfigurations = (
				B50A85B61E57058B0068FF55 /* Debug */,
				B50A85B71E57058B0068FF55 /* Release */,
			);
			defaultConfigurationIsVisible = 0;
			defaultConfigurationName = Release;
		};
		B50A85B81E57058B0068FF55 /* Build configuration list for PBXNativeTarget "WeHaveNoJob-iOS" */ = {
			isa = XCConfigurationList;
			buildConfigurations = (
				B50A85B91E57058B0068FF55 /* Debug */,
				B50A85BA1E57058B0068FF55 /* Release */,
			);
			defaultConfigurationIsVisible = 0;
			defaultConfigurationName = Release;
		};
/* End XCConfigurationList section */
	};
	rootObject = B50A859E1E57058B0068FF55 /* Project object */;
}
